
Microsoft Visual Studio Solution File, Format Version 12.00
# Visual Studio 15
Project("{FAE04EC0-301F-11D3-BF4B-00C04F79EFBC}") = "Assembly-CSharp", "Assembly-CSharp.csproj", "{ABC1C43F-A73F-CC38-1455-0BA5BF6DBEA2}"
EndProject
Project("{FAE04EC0-301F-11D3-BF4B-00C04F79EFBC}") = "Assembly-CSharp-Editor", "Assembly-CSharp-Editor.csproj", "{54CC2393-74F0-E0ED-8C6D-35DA92085001}"
EndProject
Global
	GlobalSection(SolutionConfigurationPlatforms) = preSolution
		Debug|Any CPU = Debug|Any CPU
		Release|Any CPU = Release|Any CPU
	EndGlobalSection
	GlobalSection(ProjectConfigurationPlatforms) = postSolution
		{ABC1C43F-A73F-CC38-1455-0BA5BF6DBEA2}.Debug|Any CPU.ActiveCfg = Debug|Any CPU
		{ABC1C43F-A73F-CC38-1455-0BA5BF6DBEA2}.Debug|Any CPU.Build.0 = Debug|Any CPU
		{ABC1C43F-A73F-CC38-1455-0BA5BF6DBEA2}.Release|Any CPU.ActiveCfg = Release|Any CPU
		{ABC1C43F-A73F-CC38-1455-0BA5BF6DBEA2}.Release|Any CPU.Build.0 = Release|Any CPU
		{54CC2393-74F0-E0ED-8C6D-35DA92085001}.Debug|Any CPU.ActiveCfg = Debug|Any CPU
		{54CC2393-74F0-E0ED-8C6D-35DA92085001}.Debug|Any CPU.Build.0 = Debug|Any CPU
		{54CC2393-74F0-E0ED-8C6D-35DA92085001}.Release|Any CPU.ActiveCfg = Release|Any CPU
		{54CC2393-74F0-E0ED-8C6D-35DA92085001}.Release|Any CPU.Build.0 = Release|Any CPU
	EndGlobalSection
	GlobalSection(SolutionProperties) = preSolution
		HideSolutionNode = FALSE
	EndGlobalSection
EndGlobal
